// !$*UTF8*$!
{
	archiveVersion = 1;
	classes = {
	};
	objectVersion = 46;
	objects = {

/* Begin PBXBuildFile section */
		CCEFFE6A1ECFFC5A00CE6B33 /* main.m in Sources */ = {isa = PBXBuildFile; fileRef = CCEFFE691ECFFC5A00CE6B33 /* main.m */; };
		CCEFFE6D1ECFFC5A00CE6B33 /* AppDelegate.m in Sources */ = {isa = PBXBuildFile; fileRef = CCEFFE6C1ECFFC5A00CE6B33 /* AppDelegate.m */; };
		CCEFFE701ECFFC5A00CE6B33 /* ViewController.m in Sources */ = {isa = PBXBuildFile; fileRef = CCEFFE6F1ECFFC5A00CE6B33 /* ViewController.m */; };
		CCEFFE731ECFFC5A00CE6B33 /* Main.storyboard in Resources */ = {isa = PBXBuildFile; fileRef = CCEFFE711ECFFC5A00CE6B33 /* Main.storyboard */; };
		CCEFFE751ECFFC5A00CE6B33 /* Assets.xcassets in Resources */ = {isa = PBXBuildFile; fileRef = CCEFFE741ECFFC5A00CE6B33 /* Assets.xcassets */; };
		CCEFFE781ECFFC5A00CE6B33 /* LaunchScreen.storyboard in Resources */ = {isa = PBXBuildFile; fileRef = CCEFFE761ECFFC5A00CE6B33 /* LaunchScreen.storyboard */; };
/* End PBXBuildFile section */

/* Begin PBXFileReference section */
		CCEFFE651ECFFC5A00CE6B33 /* Stack.app */ = {isa = PBXFileReference; explicitFileType = wrapper.application; includeInIndex = 0; path = Stack.app; sourceTree = BUILT_PRODUCTS_DIR; };
		CCEFFE691ECFFC5A00CE6B33 /* main.m */ = {isa = PBXFileReference; lastKnownFileType = sourcecode.c.objc; path = main.m; sourceTree = "<group>"; };
		CCEFFE6B1ECFFC5A00CE6B33 /* AppDelegate.h */ = {isa = PBXFileReference; lastKnownFileType = sourcecode.c.h; path = AppDelegate.h; sourceTree = "<group>"; };
		CCEFFE6C1ECFFC5A00CE6B33 /* AppDelegate.m */ = {isa = PBXFileReference; lastKnownFileType = sourcecode.c.objc; path = AppDelegate.m; sourceTree = "<group>"; };
		CCEFFE6E1ECFFC5A00CE6B33 /* ViewController.h */ = {isa = PBXFileReference; lastKnownFileType = sourcecode.c.h; path = ViewController.h; sourceTree = "<group>"; };
		CCEFFE6F1ECFFC5A00CE6B33 /* ViewController.m */ = {isa = PBXFileReference; lastKnownFileType = sourcecode.c.objc; path = ViewController.m; sourceTree = "<group>"; };
		CCEFFE721ECFFC5A00CE6B33 /* Base */ = {isa = PBXFileReference; lastKnownFileType = file.storyboard; name = Base; path = Base.lproj/Main.storyboard; sourceTree = "<group>"; };
		CCEFFE741ECFFC5A00CE6B33 /* Assets.xcassets */ = {isa = PBXFileReference; lastKnownFileType = folder.assetcatalog; path = Assets.xcassets; sourceTree = "<group>"; };
		CCEFFE771ECFFC5A00CE6B33 /* Base */ = {isa = PBXFileReference; lastKnownFileType = file.storyboard; name = Base; path = Base.lproj/LaunchScreen.storyboard; sourceTree = "<group>"; };
		CCEFFE791ECFFC5A00CE6B33 /* Info.plist */ = {isa = PBXFileReference; lastKnownFileType = text.plist.xml; path = Info.plist; sourceTree = "<group>"; };
/* End PBXFileReference section */

/* Begin PBXFrameworksBuildPhase section */
		CCEFFE621ECFFC5A00CE6B33 /* Frameworks */ = {
			isa = PBXFrameworksBuildPhase;
			buildActionMask = 2147483647;
			files = (
			);
			runOnlyForDeploymentPostprocessing = 0;
		};
/* End PBXFrameworksBuildPhase section */

/* Begin PBXGroup section */
		CCEFFE5C1ECFFC5900CE6B33 = {
			isa = PBXGroup;
			children = (
				CCEFFE671ECFFC5A00CE6B33 /* Stack */,
				CCEFFE661ECFFC5A00CE6B33 /* Products */,
			);
			sourceTree = "<group>";
		};
		CCEFFE661ECFFC5A00CE6B33 /* Products */ = {
			isa = PBXGroup;
			children = (
				CCEFFE651ECFFC5A00CE6B33 /* Stack.app */,
			);
			name = Products;
			sourceTree = "<group>";
		};
		CCEFFE671ECFFC5A00CE6B33 /* Stack */ = {
			isa = PBXGroup;
			children = (
				CCEFFE6B1ECFFC5A00CE6B33 /* AppDelegate.h */,
				CCEFFE6C1ECFFC5A00CE6B33 /* AppDelegate.m */,
				CCEFFE6E1ECFFC5A00CE6B33 /* ViewController.h */,
				CCEFFE6F1ECFFC5A00CE6B33 /* ViewController.m */,
				CCEFFE711ECFFC5A00CE6B33 /* Main.storyboard */,
				CCEFFE741ECFFC5A00CE6B33 /* Assets.xcassets */,
				CCEFFE761ECFFC5A00CE6B33 /* LaunchScreen.storyboard */,
				CCEFFE791ECFFC5A00CE6B33 /* Info.plist */,
				CCEFFE681ECFFC5A00CE6B33 /* Supporting Files */,
			);
			path = Stack;
			sourceTree = "<group>";
		};
		CCEFFE681ECFFC5A00CE6B33 /* Supporting Files */ = {
			isa = PBXGroup;
			children = (
				CCEFFE691ECFFC5A00CE6B33 /* main.m */,
			);
			name = "Supporting Files";
			sourceTree = "<group>";
		};
/* End PBXGroup section */

/* Begin PBXNativeTarget section */
		CCEFFE641ECFFC5A00CE6B33 /* Stack */ = {
			isa = PBXNativeTarget;
			buildConfigurationList = CCEFFE7C1ECFFC5A00CE6B33 /* Build configuration list for PBXNativeTarget "Stack" */;
			buildPhases = (
				CCEFFE611ECFFC5A00CE6B33 /* Sources */,
				CCEFFE621ECFFC5A00CE6B33 /* Frameworks */,
				CCEFFE631ECFFC5A00CE6B33 /* Resources */,
			);
			buildRules = (
			);
			dependencies = (
			);
			name = Stack;
			productName = Stack;
			productReference = CCEFFE651ECFFC5A00CE6B33 /* Stack.app */;
			productType = "com.apple.product-type.application";
		};
/* End PBXNativeTarget section */

/* Begin PBXProject section */
		CCEFFE5D1ECFFC5900CE6B33 /* Project object */ = {
			isa = PBXProject;
			attributes = {
				LastUpgradeCheck = 0830;
				ORGANIZATIONNAME = "Prashant Humney";
				TargetAttributes = {
					CCEFFE641ECFFC5A00CE6B33 = {
						CreatedOnToolsVersion = 8.3.2;
						ProvisioningStyle = Automatic;
					};
				};
			};
			buildConfigurationList = CCEFFE601ECFFC5900CE6B33 /* Build configuration list for PBXProject "Stack" */;
			compatibilityVersion = "Xcode 3.2";
			developmentRegion = English;
			hasScannedForEncodings = 0;
			knownRegions = (
				en,
				Base,
			);
			mainGroup = CCEFFE5C1ECFFC5900CE6B33;
			productRefGroup = CCEFFE661ECFFC5A00CE6B33 /* Products */;
			projectDirPath = "";
			projectRoot = "";
			targets = (
				CCEFFE641ECFFC5A00CE6B33 /* Stack */,
			);
		};
/* End PBXProject section */

/* Begin PBXResourcesBuildPhase section */
		CCEFFE631ECFFC5A00CE6B33 /* Resources */ = {
			isa = PBXResourcesBuildPhase;
			buildActionMask = 2147483647;
			files = (
				CCEFFE781ECFFC5A00CE6B33 /* LaunchScreen.storyboard in Resources */,
				CCEFFE751ECFFC5A00CE6B33 /* Assets.xcassets in Resources */,
				CCEFFE731ECFFC5A00CE6B33 /* Main.storyboard in Resources */,
			);
			runOnlyForDeploymentPostprocessing = 0;
		};
/* End PBXResourcesBuildPhase section */

/* Begin PBXSourcesBuildPhase section */
		CCEFFE611ECFFC5A00CE6B33 /* Sources */ = {
			isa = PBXSourcesBuildPhase;
			buildActionMask = 2147483647;
			files = (
				CCEFFE701ECFFC5A00CE6B33 /* ViewController.m in Sources */,
				CCEFFE6D1ECFFC5A00CE6B33 /* AppDelegate.m in Sources */,
				CCEFFE6A1ECFFC5A00CE6B33 /* main.m in Sources */,
			);
			runOnlyForDeploymentPostprocessing = 0;
		};
/* End PBXSourcesBuildPhase section */

/* Begin PBXVariantGroup section */
		CCEFFE711ECFFC5A00CE6B33 /* Main.storyboard */ = {
			isa = PBXVariantGroup;
			children = (
				CCEFFE721ECFFC5A00CE6B33 /* Base */,
			);
			name = Main.storyboard;
			sourceTree = "<group>";
		};
		CCEFFE761ECFFC5A00CE6B33 /* LaunchScreen.storyboard */ = {
			isa = PBXVariantGroup;
			children = (
				CCEFFE771ECFFC5A00CE6B33 /* Base */,
			);
			name = LaunchScreen.storyboard;
			sourceTree = "<group>";
		};
/* End PBXVariantGroup section */

/* Begin XCBuildConfiguration section */
		CCEFFE7A1ECFFC5A00CE6B33 /* Debug */ = {
			isa = XCBuildConfiguration;
			buildSettings = {
				ALWAYS_SEARCH_USER_PATHS = NO;
				CLANG_ANALYZER_NONNULL = YES;
				CLANG_ANALYZER_NUMBER_OBJECT_CONVERSION = YES_AGGRESSIVE;
				CLANG_CXX_LANGUAGE_STANDARD = "gnu++0x";
				CLANG_CXX_LIBRARY = "libc++";
				CLANG_ENABLE_MODULES = YES;
				CLANG_ENABLE_OBJC_ARC = YES;
				CLANG_WARN_BOOL_CONVERSION = YES;
				CLANG_WARN_CONSTANT_CONVERSION = YES;
				CLANG_WARN_DIRECT_OBJC_ISA_USAGE = YES_ERROR;
				CLANG_WARN_DOCUMENTATION_COMMENTS = YES;
				CLANG_WARN_EMPTY_BODY = YES;
				CLANG_WARN_ENUM_CONVERSION = YES;
				CLANG_WARN_INFINITE_RECURSION = YES;
				CLANG_WARN_INT_CONVERSION = YES;
				CLANG_WARN_OBJC_ROOT_CLASS = YES_ERROR;
				CLANG_WARN_SUSPICIOUS_MOVE = YES;
				CLANG_WARN_UNREACHABLE_CODE = YES;
				CLANG_WARN__DUPLICATE_METHOD_MATCH = YES;
				"CODE_SIGN_IDENTITY[sdk=iphoneos*]" = "iPhone Developer";
				COPY_PHASE_STRIP = NO;
				DEBUG_INFORMATION_FORMAT = dwarf;
				ENABLE_STRICT_OBJC_MSGSEND = YES;
				ENABLE_TESTABILITY = YES;
				GCC_C_LANGUAGE_STANDARD = gnu99;
				GCC_DYNAMIC_NO_PIC = NO;
				GCC_NO_COMMON_BLOCKS = YES;
				GCC_OPTIMIZATION_LEVEL = 0;
				GCC_PREPROCESSOR_DEFINITIONS = (
					"DEBUG=1",
					"$(inherited)",
				);
				GCC_WARN_64_TO_32_BIT_CONVERSION = YES;
				GCC_WARN_ABOUT_RETURN_TYPE = YES_ERROR;
				GCC_WARN_UNDECLARED_SELECTOR = YES;
				GCC_WARN_UNINITIALIZED_AUTOS = YES_AGGRESSIVE;
				GCC_WARN_UNUSED_FUNCTION = YES;
				GCC_WARN_UNUSED_VARIABLE = YES;
				IPHONEOS_DEPLOYMENT_TARGET = 10.3;
				MTL_ENABLE_DEBUG_INFO = YES;
				ONLY_ACTIVE_ARCH = YES;
				SDKROOT = iphoneos;
				TARGETED_DEVICE_FAMILY = "1,2";
			};
			name = Debug;
		};
		CCEFFE7B1ECFFC5A00CE6B33 /* Release */ = {
			isa = XCBuildConfiguration;
			buildSettings = {
				ALWAYS_SEARCH_USER_PATHS = NO;
				CLANG_ANALYZER_NONNULL = YES;
				CLANG_ANALYZER_NUMBER_OBJECT_CONVERSION = YES_AGGRESSIVE;
				CLANG_CXX_LANGUAGE_STANDARD = "gnu++0x";
				CLANG_CXX_LIBRARY = "libc++";
				CLANG_ENABLE_MODULES = YES;
				CLANG_ENABLE_OBJC_ARC = YES;
				CLANG_WARN_BOOL_CONVERSION = YES;
				CLANG_WARN_CONSTANT_CONVERSION = YES;
				CLANG_WARN_DIRECT_OBJC_ISA_USAGE = YES_ERROR;
				CLANG_WARN_DOCUMENTATION_COMMENTS = YES;
				CLANG_WARN_EMPTY_BODY = YES;
				CLANG_WARN_ENUM_CONVERSION = YES;
				CLANG_WARN_INFINITE_RECURSION = YES;
				CLANG_WARN_INT_CONVERSION = YES;
				CLANG_WARN_OBJC_ROOT_CLASS = YES_ERROR;
				CLANG_WARN_SUSPICIOUS_MOVE = YES;
				CLANG_WARN_UNREACHABLE_CODE = YES;
				CLANG_WARN__DUPLICATE_METHOD_MATCH = YES;
				"CODE_SIGN_IDENTITY[sdk=iphoneos*]" = "iPhone Developer";
				COPY_PHASE_STRIP = NO;
				DEBUG_INFORMATION_FORMAT = "dwarf-with-dsym";
				ENABLE_NS_ASSERTIONS = NO;
				ENABLE_STRICT_OBJC_MSGSEND = YES;
				GCC_C_LANGUAGE_STANDARD = gnu99;
				GCC_NO_COMMON_BLOCKS = YES;
				GCC_WARN_64_TO_32_BIT_CONVERSION = YES;
				GCC_WARN_ABOUT_RETURN_TYPE = YES_ERROR;
				GCC_WARN_UNDECLARED_SELECTOR = YES;
				GCC_WARN_UNINITIALIZED_AUTOS = YES_AGGRESSIVE;
				GCC_WARN_UNUSED_FUNCTION = YES;
				GCC_WARN_UNUSED_VARIABLE = YES;
				IPHONEOS_DEPLOYMENT_TARGET = 10.3;
				MTL_ENABLE_DEBUG_INFO = NO;
				SDKROOT = iphoneos;
				TARGETED_DEVICE_FAMILY = "1,2";
				VALIDATE_PRODUCT = YES;
			};
			name = Release;
		};
		CCEFFE7D1ECFFC5A00CE6B33 /* Debug */ = {
			isa = XCBuildConfiguration;
			buildSettings = {
				ASSETCATALOG_COMPILER_APPICON_NAME = AppIcon;
				INFOPLIST_FILE = Stack/Info.plist;
				LD_RUNPATH_SEARCH_PATHS = "$(inherited) @executable_path/Frameworks";
				PRODUCT_BUNDLE_IDENTIFIER = com.prashanthumney.Stack;
				PRODUCT_NAME = "$(TARGET_NAME)";
			};
			name = Debug;
		};
		CCEFFE7E1ECFFC5A00CE6B33 /* Release */ = {
			isa = XCBuildConfiguration;
			buildSettings = {
				ASSETCATALOG_COMPILER_APPICON_NAME = AppIcon;
				INFOPLIST_FILE = Stack/Info.plist;
				LD_RUNPATH_SEARCH_PATHS = "$(inherited) @executable_path/Frameworks";
				PRODUCT_BUNDLE_IDENTIFIER = com.prashanthumney.Stack;
				PRODUCT_NAME = "$(TARGET_NAME)";
			};
			name = Release;
		};
/* End XCBuildConfiguration section */

/* Begin XCConfigurationList section */
		CCEFFE601ECFFC5900CE6B33 /* Build configuration list for PBXProject "Stack" */ = {
			isa = XCConfigurationList;
			buildConfigurations = (
				CCEFFE7A1ECFFC5A00CE6B33 /* Debug */,
				CCEFFE7B1ECFFC5A00CE6B33 /* Release */,
			);
			defaultConfigurationIsVisible = 0;
			defaultConfigurationName = Release;
		};
		CCEFFE7C1ECFFC5A00CE6B33 /* Build configuration list for PBXNativeTarget "Stack" */ = {
			isa = XCConfigurationList;
			buildConfigurations = (
				CCEFFE7D1ECFFC5A00CE6B33 /* Debug */,
				CCEFFE7E1ECFFC5A00CE6B33 /* Release */,
			);
			defaultConfigurationIsVisible = 0;
		};
/* End XCConfigurationList section */
	};
	rootObject = CCEFFE5D1ECFFC5900CE6B33 /* Project object */;
}
